<Solution>
  <Project Path="BuiltinFunctions/BuiltinFunctions.csproj" Id="b24af2b7-122c-4273-9c1b-4e4e078ff5a2" />
  <Project Path="ClinicManagementSystem(CMS)/ClinicManagementSystem(CMS).csproj" />
  <Project Path="FirstConsoleApp/FirstConsoleApp.csproj" />
  <Project Path="HotelManagementSystem/HotelManagementSystem.csproj" Id="ad861b22-57d5-4e74-b04c-40ca30e1b9e1" />
</Solution>
